// !$*UTF8*$!
{
	archiveVersion = 1;
	classes = {
	};
	objectVersion = 55;
	objects = {

/* Begin PBXBuildFile section */
		76921A8E279635D300961EF2 /* SignUpViewController.swift in Sources */ = {isa = PBXBuildFile; fileRef = 76921A8C279635D300961EF2 /* SignUpViewController.swift */; };
		76921A8F279635D300961EF2 /* SignUpViewController.xib in Resources */ = {isa = PBXBuildFile; fileRef = 76921A8D279635D300961EF2 /* SignUpViewController.xib */; };
		76921A91279661D600961EF2 /* BaseViewController.swift in Sources */ = {isa = PBXBuildFile; fileRef = 76921A90279661D600961EF2 /* BaseViewController.swift */; };
		76DC4EB62795982900CC6F4D /* AppDelegate.swift in Sources */ = {isa = PBXBuildFile; fileRef = 76DC4EB52795982900CC6F4D /* AppDelegate.swift */; };
		76DC4EB82795982900CC6F4D /* SceneDelegate.swift in Sources */ = {isa = PBXBuildFile; fileRef = 76DC4EB72795982900CC6F4D /* SceneDelegate.swift */; };
		76DC4EBD2795982900CC6F4D /* Main.storyboard in Resources */ = {isa = PBXBuildFile; fileRef = 76DC4EBB2795982900CC6F4D /* Main.storyboard */; };
		76DC4EC02795982900CC6F4D /* InstaApp.xcdatamodeld in Sources */ = {isa = PBXBuildFile; fileRef = 76DC4EBE2795982900CC6F4D /* InstaApp.xcdatamodeld */; };
		76DC4EC22795982A00CC6F4D /* Assets.xcassets in Resources */ = {isa = PBXBuildFile; fileRef = 76DC4EC12795982A00CC6F4D /* Assets.xcassets */; };
		76DC4EC52795982A00CC6F4D /* LaunchScreen.storyboard in Resources */ = {isa = PBXBuildFile; fileRef = 76DC4EC32795982A00CC6F4D /* LaunchScreen.storyboard */; };
		76DC4ED12795986D00CC6F4D /* HomeViewController.swift in Sources */ = {isa = PBXBuildFile; fileRef = 76DC4ECF2795986D00CC6F4D /* HomeViewController.swift */; };
		76DC4ED22795986D00CC6F4D /* HomeViewController.xib in Resources */ = {isa = PBXBuildFile; fileRef = 76DC4ED02795986D00CC6F4D /* HomeViewController.xib */; };
		76DC4ED52795987F00CC6F4D /* SignInViewController.swift in Sources */ = {isa = PBXBuildFile; fileRef = 76DC4ED32795987F00CC6F4D /* SignInViewController.swift */; };
		76DC4ED62795987F00CC6F4D /* SignInViewController.xib in Resources */ = {isa = PBXBuildFile; fileRef = 76DC4ED42795987F00CC6F4D /* SignInViewController.xib */; };
		76F23DBB27985D2200D01C34 /* Post.swift in Sources */ = {isa = PBXBuildFile; fileRef = 76F23DBA27985D2200D01C34 /* Post.swift */; };
		76F23DBF2798A1F200D01C34 /* PostTableViewCell.swift in Sources */ = {isa = PBXBuildFile; fileRef = 76F23DBD2798A1F200D01C34 /* PostTableViewCell.swift */; };
		76F23DC02798A1F200D01C34 /* PostTableViewCell.xib in Resources */ = {isa = PBXBuildFile; fileRef = 76F23DBE2798A1F200D01C34 /* PostTableViewCell.xib */; };
/* End PBXBuildFile section */

/* Begin PBXFileReference section */
		76921A8C279635D300961EF2 /* SignUpViewController.swift */ = {isa = PBXFileReference; lastKnownFileType = sourcecode.swift; path = SignUpViewController.swift; sourceTree = "<group>"; };
		76921A8D279635D300961EF2 /* SignUpViewController.xib */ = {isa = PBXFileReference; lastKnownFileType = file.xib; path = SignUpViewController.xib; sourceTree = "<group>"; };
		76921A90279661D600961EF2 /* BaseViewController.swift */ = {isa = PBXFileReference; lastKnownFileType = sourcecode.swift; path = BaseViewController.swift; sourceTree = "<group>"; };
		76DC4EB22795982900CC6F4D /* InstaApp.app */ = {isa = PBXFileReference; explicitFileType = wrapper.application; includeInIndex = 0; path = InstaApp.app; sourceTree = BUILT_PRODUCTS_DIR; };
		76DC4EB52795982900CC6F4D /* AppDelegate.swift */ = {isa = PBXFileReference; lastKnownFileType = sourcecode.swift; path = AppDelegate.swift; sourceTree = "<group>"; };
		76DC4EB72795982900CC6F4D /* SceneDelegate.swift */ = {isa = PBXFileReference; lastKnownFileType = sourcecode.swift; path = SceneDelegate.swift; sourceTree = "<group>"; };
		76DC4EBC2795982900CC6F4D /* Base */ = {isa = PBXFileReference; lastKnownFileType = file.storyboard; name = Base; path = Base.lproj/Main.storyboard; sourceTree = "<group>"; };
		76DC4EBF2795982900CC6F4D /* InstaApp.xcdatamodel */ = {isa = PBXFileReference; lastKnownFileType = wrapper.xcdatamodel; path = InstaApp.xcdatamodel; sourceTree = "<group>"; };
		76DC4EC12795982A00CC6F4D /* Assets.xcassets */ = {isa = PBXFileReference; lastKnownFileType = folder.assetcatalog; path = Assets.xcassets; sourceTree = "<group>"; };
		76DC4EC42795982A00CC6F4D /* Base */ = {isa = PBXFileReference; lastKnownFileType = file.storyboard; name = Base; path = Base.lproj/LaunchScreen.storyboard; sourceTree = "<group>"; };
		76DC4EC62795982A00CC6F4D /* Info.plist */ = {isa = PBXFileReference; lastKnownFileType = text.plist.xml; path = Info.plist; sourceTree = "<group>"; };
		76DC4ECF2795986D00CC6F4D /* HomeViewController.swift */ = {isa = PBXFileReference; lastKnownFileType = sourcecode.swift; path = HomeViewController.swift; sourceTree = "<group>"; };
		76DC4ED02795986D00CC6F4D /* HomeViewController.xib */ = {isa = PBXFileReference; lastKnownFileType = file.xib; path = HomeViewController.xib; sourceTree = "<group>"; };
		76DC4ED32795987F00CC6F4D /* SignInViewController.swift */ = {isa = PBXFileReference; lastKnownFileType = sourcecode.swift; path = SignInViewController.swift; sourceTree = "<group>"; };
		76DC4ED42795987F00CC6F4D /* SignInViewController.xib */ = {isa = PBXFileReference; lastKnownFileType = file.xib; path = SignInViewController.xib; sourceTree = "<group>"; };
		76F23DBA27985D2200D01C34 /* Post.swift */ = {isa = PBXFileReference; lastKnownFileType = sourcecode.swift; path = Post.swift; sourceTree = "<group>"; };
		76F23DBD2798A1F200D01C34 /* PostTableViewCell.swift */ = {isa = PBXFileReference; lastKnownFileType = sourcecode.swift; path = PostTableViewCell.swift; sourceTree = "<group>"; };
		76F23DBE2798A1F200D01C34 /* PostTableViewCell.xib */ = {isa = PBXFileReference; lastKnownFileType = file.xib; path = PostTableViewCell.xib; sourceTree = "<group>"; };
/* End PBXFileReference section */

/* Begin PBXFrameworksBuildPhase section */
		76DC4EAF2795982900CC6F4D /* Frameworks */ = {
			isa = PBXFrameworksBuildPhase;
			buildActionMask = 2147483647;
			files = (
			);
			runOnlyForDeploymentPostprocessing = 0;
		};
/* End PBXFrameworksBuildPhase section */

/* Begin PBXGroup section */
		76DC4EA92795982900CC6F4D = {
			isa = PBXGroup;
			children = (
				76DC4EB42795982900CC6F4D /* InstaApp */,
				76DC4EB32795982900CC6F4D /* Products */,
			);
			sourceTree = "<group>";
		};
		76DC4EB32795982900CC6F4D /* Products */ = {
			isa = PBXGroup;
			children = (
				76DC4EB22795982900CC6F4D /* InstaApp.app */,
			);
			name = Products;
			sourceTree = "<group>";
		};
		76DC4EB42795982900CC6F4D /* InstaApp */ = {
			isa = PBXGroup;
			children = (
				76F23DBC2798A1D100D01C34 /* cell */,
				76F23DB927985D0C00D01C34 /* model */,
				76DC4ECC2795983800CC6F4D /* controllers */,
				76DC4ECE2795985100CC6F4D /* apputils */,
				76DC4EB52795982900CC6F4D /* AppDelegate.swift */,
				76DC4EB72795982900CC6F4D /* SceneDelegate.swift */,
				76DC4EC62795982A00CC6F4D /* Info.plist */,
				76DC4EBE2795982900CC6F4D /* InstaApp.xcdatamodeld */,
			);
			path = InstaApp;
			sourceTree = "<group>";
		};
		76DC4ECC2795983800CC6F4D /* controllers */ = {
			isa = PBXGroup;
			children = (
				76921A90279661D600961EF2 /* BaseViewController.swift */,
				76DC4ECF2795986D00CC6F4D /* HomeViewController.swift */,
				76DC4ED02795986D00CC6F4D /* HomeViewController.xib */,
				76DC4ED32795987F00CC6F4D /* SignInViewController.swift */,
				76DC4ED42795987F00CC6F4D /* SignInViewController.xib */,
				76921A8C279635D300961EF2 /* SignUpViewController.swift */,
				76921A8D279635D300961EF2 /* SignUpViewController.xib */,
			);
			path = controllers;
			sourceTree = "<group>";
		};
		76DC4ECE2795985100CC6F4D /* apputils */ = {
			isa = PBXGroup;
			children = (
				76DC4EBB2795982900CC6F4D /* Main.storyboard */,
				76DC4EC12795982A00CC6F4D /* Assets.xcassets */,
				76DC4EC32795982A00CC6F4D /* LaunchScreen.storyboard */,
			);
			path = apputils;
			sourceTree = "<group>";
		};
		76F23DB927985D0C00D01C34 /* model */ = {
			isa = PBXGroup;
			children = (
				76F23DBA27985D2200D01C34 /* Post.swift */,
			);
			path = model;
			sourceTree = "<group>";
		};
		76F23DBC2798A1D100D01C34 /* cell */ = {
			isa = PBXGroup;
			children = (
				76F23DBD2798A1F200D01C34 /* PostTableViewCell.swift */,
				76F23DBE2798A1F200D01C34 /* PostTableViewCell.xib */,
			);
			path = cell;
			sourceTree = "<group>";
		};
/* End PBXGroup section */

/* Begin PBXNativeTarget section */
		76DC4EB12795982900CC6F4D /* InstaApp */ = {
			isa = PBXNativeTarget;
			buildConfigurationList = 76DC4EC92795982A00CC6F4D /* Build configuration list for PBXNativeTarget "InstaApp" */;
			buildPhases = (
				76DC4EAE2795982900CC6F4D /* Sources */,
				76DC4EAF2795982900CC6F4D /* Frameworks */,
				76DC4EB02795982900CC6F4D /* Resources */,
			);
			buildRules = (
			);
			dependencies = (
			);
			name = InstaApp;
			productName = InstaApp;
			productReference = 76DC4EB22795982900CC6F4D /* InstaApp.app */;
			productType = "com.apple.product-type.application";
		};
/* End PBXNativeTarget section */

/* Begin PBXProject section */
		76DC4EAA2795982900CC6F4D /* Project object */ = {
			isa = PBXProject;
			attributes = {
				BuildIndependentTargetsInParallel = 1;
				LastSwiftUpdateCheck = 1320;
				LastUpgradeCheck = 1320;
				TargetAttributes = {
					76DC4EB12795982900CC6F4D = {
						CreatedOnToolsVersion = 13.2.1;
					};
				};
			};
			buildConfigurationList = 76DC4EAD2795982900CC6F4D /* Build configuration list for PBXProject "InstaApp" */;
			compatibilityVersion = "Xcode 13.0";
			developmentRegion = en;
			hasScannedForEncodings = 0;
			knownRegions = (
				en,
				Base,
			);
			mainGroup = 76DC4EA92795982900CC6F4D;
			productRefGroup = 76DC4EB32795982900CC6F4D /* Products */;
			projectDirPath = "";
			projectRoot = "";
			targets = (
				76DC4EB12795982900CC6F4D /* InstaApp */,
			);
		};
/* End PBXProject section */

/* Begin PBXResourcesBuildPhase section */
		76DC4EB02795982900CC6F4D /* Resources */ = {
			isa = PBXResourcesBuildPhase;
			buildActionMask = 2147483647;
			files = (
				76DC4ED62795987F00CC6F4D /* SignInViewController.xib in Resources */,
				76DC4EC52795982A00CC6F4D /* LaunchScreen.storyboard in Resources */,
				76DC4EC22795982A00CC6F4D /* Assets.xcassets in Resources */,
				76DC4EBD2795982900CC6F4D /* Main.storyboard in Resources */,
				76F23DC02798A1F200D01C34 /* PostTableViewCell.xib in Resources */,
				76921A8F279635D300961EF2 /* SignUpViewController.xib in Resources */,
				76DC4ED22795986D00CC6F4D /* HomeViewController.xib in Resources */,
			);
			runOnlyForDeploymentPostprocessing = 0;
		};
/* End PBXResourcesBuildPhase section */

/* Begin PBXSourcesBuildPhase section */
		76DC4EAE2795982900CC6F4D /* Sources */ = {
			isa = PBXSourcesBuildPhase;
			buildActionMask = 2147483647;
			files = (
				76921A8E279635D300961EF2 /* SignUpViewController.swift in Sources */,
				76DC4ED12795986D00CC6F4D /* HomeViewController.swift in Sources */,
				76DC4ED52795987F00CC6F4D /* SignInViewController.swift in Sources */,
				76F23DBB27985D2200D01C34 /* Post.swift in Sources */,
				76DC4EC02795982900CC6F4D /* InstaApp.xcdatamodeld in Sources */,
				76DC4EB62795982900CC6F4D /* AppDelegate.swift in Sources */,
				76921A91279661D600961EF2 /* BaseViewController.swift in Sources */,
				76DC4EB82795982900CC6F4D /* SceneDelegate.swift in Sources */,
				76F23DBF2798A1F200D01C34 /* PostTableViewCell.swift in Sources */,
			);
			runOnlyForDeploymentPostprocessing = 0;
		};
/* End PBXSourcesBuildPhase section */

/* Begin PBXVariantGroup section */
		76DC4EBB2795982900CC6F4D /* Main.storyboard */ = {
			isa = PBXVariantGroup;
			children = (
				76DC4EBC2795982900CC6F4D /* Base */,
			);
			name = Main.storyboard;
			sourceTree = "<group>";
		};
		76DC4EC32795982A00CC6F4D /* LaunchScreen.storyboard */ = {
			isa = PBXVariantGroup;
			children = (
				76DC4EC42795982A00CC6F4D /* Base */,
			);
			name = LaunchScreen.storyboard;
			sourceTree = "<group>";
		};
/* End PBXVariantGroup section */

/* Begin XCBuildConfiguration section */
		76DC4EC72795982A00CC6F4D /* Debug */ = {
			isa = XCBuildConfiguration;
			buildSettings = {
				ALWAYS_SEARCH_USER_PATHS = NO;
				CLANG_ANALYZER_NONNULL = YES;
				CLANG_ANALYZER_NUMBER_OBJECT_CONVERSION = YES_AGGRESSIVE;
				CLANG_CXX_LANGUAGE_STANDARD = "gnu++17";
				CLANG_CXX_LIBRARY = "libc++";
				CLANG_ENABLE_MODULES = YES;
				CLANG_ENABLE_OBJC_ARC = YES;
				CLANG_ENABLE_OBJC_WEAK = YES;
				CLANG_WARN_BLOCK_CAPTURE_AUTORELEASING = YES;
				CLANG_WARN_BOOL_CONVERSION = YES;
				CLANG_WARN_COMMA = YES;
				CLANG_WARN_CONSTANT_CONVERSION = YES;
				CLANG_WARN_DEPRECATED_OBJC_IMPLEMENTATIONS = YES;
				CLANG_WARN_DIRECT_OBJC_ISA_USAGE = YES_ERROR;
				CLANG_WARN_DOCUMENTATION_COMMENTS = YES;
				CLANG_WARN_EMPTY_BODY = YES;
				CLANG_WARN_ENUM_CONVERSION = YES;
				CLANG_WARN_INFINITE_RECURSION = YES;
				CLANG_WARN_INT_CONVERSION = YES;
				CLANG_WARN_NON_LITERAL_NULL_CONVERSION = YES;
				CLANG_WARN_OBJC_IMPLICIT_RETAIN_SELF = YES;
				CLANG_WARN_OBJC_LITERAL_CONVERSION = YES;
				CLANG_WARN_OBJC_ROOT_CLASS = YES_ERROR;
				CLANG_WARN_QUOTED_INCLUDE_IN_FRAMEWORK_HEADER = YES;
				CLANG_WARN_RANGE_LOOP_ANALYSIS = YES;
				CLANG_WARN_STRICT_PROTOTYPES = YES;
				CLANG_WARN_SUSPICIOUS_MOVE = YES;
				CLANG_WARN_UNGUARDED_AVAILABILITY = YES_AGGRESSIVE;
				CLANG_WARN_UNREACHABLE_CODE = YES;
				CLANG_WARN__DUPLICATE_METHOD_MATCH = YES;
				COPY_PHASE_STRIP = NO;
				DEBUG_INFORMATION_FORMAT = dwarf;
				ENABLE_STRICT_OBJC_MSGSEND = YES;
				ENABLE_TESTABILITY = YES;
				GCC_C_LANGUAGE_STANDARD = gnu11;
				GCC_DYNAMIC_NO_PIC = NO;
				GCC_NO_COMMON_BLOCKS = YES;
				GCC_OPTIMIZATION_LEVEL = 0;
				GCC_PREPROCESSOR_DEFINITIONS = (
					"DEBUG=1",
					"$(inherited)",
				);
				GCC_WARN_64_TO_32_BIT_CONVERSION = YES;
				GCC_WARN_ABOUT_RETURN_TYPE = YES_ERROR;
				GCC_WARN_UNDECLARED_SELECTOR = YES;
				GCC_WARN_UNINITIALIZED_AUTOS = YES_AGGRESSIVE;
				GCC_WARN_UNUSED_FUNCTION = YES;
				GCC_WARN_UNUSED_VARIABLE = YES;
				IPHONEOS_DEPLOYMENT_TARGET = 15.2;
				MTL_ENABLE_DEBUG_INFO = INCLUDE_SOURCE;
				MTL_FAST_MATH = YES;
				ONLY_ACTIVE_ARCH = YES;
				SDKROOT = iphoneos;
				SWIFT_ACTIVE_COMPILATION_CONDITIONS = DEBUG;
				SWIFT_OPTIMIZATION_LEVEL = "-Onone";
			};
			name = Debug;
		};
		76DC4EC82795982A00CC6F4D /* Release */ = {
			isa = XCBuildConfiguration;
			buildSettings = {
				ALWAYS_SEARCH_USER_PATHS = NO;
				CLANG_ANALYZER_NONNULL = YES;
				CLANG_ANALYZER_NUMBER_OBJECT_CONVERSION = YES_AGGRESSIVE;
				CLANG_CXX_LANGUAGE_STANDARD = "gnu++17";
				CLANG_CXX_LIBRARY = "libc++";
				CLANG_ENABLE_MODULES = YES;
				CLANG_ENABLE_OBJC_ARC = YES;
				CLANG_ENABLE_OBJC_WEAK = YES;
				CLANG_WARN_BLOCK_CAPTURE_AUTORELEASING = YES;
				CLANG_WARN_BOOL_CONVERSION = YES;
				CLANG_WARN_COMMA = YES;
				CLANG_WARN_CONSTANT_CONVERSION = YES;
				CLANG_WARN_DEPRECATED_OBJC_IMPLEMENTATIONS = YES;
				CLANG_WARN_DIRECT_OBJC_ISA_USAGE = YES_ERROR;
				CLANG_WARN_DOCUMENTATION_COMMENTS = YES;
				CLANG_WARN_EMPTY_BODY = YES;
				CLANG_WARN_ENUM_CONVERSION = YES;
				CLANG_WARN_INFINITE_RECURSION = YES;
				CLANG_WARN_INT_CONVERSION = YES;
				CLANG_WARN_NON_LITERAL_NULL_CONVERSION = YES;
				CLANG_WARN_OBJC_IMPLICIT_RETAIN_SELF = YES;
				CLANG_WARN_OBJC_LITERAL_CONVERSION = YES;
				CLANG_WARN_OBJC_ROOT_CLASS = YES_ERROR;
				CLANG_WARN_QUOTED_INCLUDE_IN_FRAMEWORK_HEADER = YES;
				CLANG_WARN_RANGE_LOOP_ANALYSIS = YES;
				CLANG_WARN_STRICT_PROTOTYPES = YES;
				CLANG_WARN_SUSPICIOUS_MOVE = YES;
				CLANG_WARN_UNGUARDED_AVAILABILITY = YES_AGGRESSIVE;
				CLANG_WARN_UNREACHABLE_CODE = YES;
				CLANG_WARN__DUPLICATE_METHOD_MATCH = YES;
				COPY_PHASE_STRIP = NO;
				DEBUG_INFORMATION_FORMAT = "dwarf-with-dsym";
				ENABLE_NS_ASSERTIONS = NO;
				ENABLE_STRICT_OBJC_MSGSEND = YES;
				GCC_C_LANGUAGE_STANDARD = gnu11;
				GCC_NO_COMMON_BLOCKS = YES;
				GCC_WARN_64_TO_32_BIT_CONVERSION = YES;
				GCC_WARN_ABOUT_RETURN_TYPE = YES_ERROR;
				GCC_WARN_UNDECLARED_SELECTOR = YES;
				GCC_WARN_UNINITIALIZED_AUTOS = YES_AGGRESSIVE;
				GCC_WARN_UNUSED_FUNCTION = YES;
				GCC_WARN_UNUSED_VARIABLE = YES;
				IPHONEOS_DEPLOYMENT_TARGET = 15.2;
				MTL_ENABLE_DEBUG_INFO = NO;
				MTL_FAST_MATH = YES;
				SDKROOT = iphoneos;
				SWIFT_COMPILATION_MODE = wholemodule;
				SWIFT_OPTIMIZATION_LEVEL = "-O";
				VALIDATE_PRODUCT = YES;
			};
			name = Release;
		};
		76DC4ECA2795982A00CC6F4D /* Debug */ = {
			isa = XCBuildConfiguration;
			buildSettings = {
				ASSETCATALOG_COMPILER_APPICON_NAME = AppIcon;
				ASSETCATALOG_COMPILER_GLOBAL_ACCENT_COLOR_NAME = AccentColor;
				CODE_SIGN_STYLE = Automatic;
				CURRENT_PROJECT_VERSION = 1;
				GENERATE_INFOPLIST_FILE = YES;
				INFOPLIST_FILE = InstaApp/Info.plist;
				INFOPLIST_KEY_UIApplicationSupportsIndirectInputEvents = YES;
				INFOPLIST_KEY_UILaunchStoryboardName = LaunchScreen;
				INFOPLIST_KEY_UIMainStoryboardFile = Main;
				INFOPLIST_KEY_UISupportedInterfaceOrientations_iPad = "UIInterfaceOrientationPortrait UIInterfaceOrientationPortraitUpsideDown UIInterfaceOrientationLandscapeLeft UIInterfaceOrientationLandscapeRight";
				INFOPLIST_KEY_UISupportedInterfaceOrientations_iPhone = "UIInterfaceOrientationPortrait UIInterfaceOrientationLandscapeLeft UIInterfaceOrientationLandscapeRight";
				LD_RUNPATH_SEARCH_PATHS = (
					"$(inherited)",
					"@executable_path/Frameworks",
				);
				MARKETING_VERSION = 1.0;
				PRODUCT_BUNDLE_IDENTIFIER = cpp.InstaApp;
				PRODUCT_NAME = "$(TARGET_NAME)";
				SWIFT_EMIT_LOC_STRINGS = YES;
				SWIFT_VERSION = 5.0;
				TARGETED_DEVICE_FAMILY = "1,2";
			};
			name = Debug;
		};
		76DC4ECB2795982A00CC6F4D /* Release */ = {
			isa = XCBuildConfiguration;
			buildSettings = {
				ASSETCATALOG_COMPILER_APPICON_NAME = AppIcon;
				ASSETCATALOG_COMPILER_GLOBAL_ACCENT_COLOR_NAME = AccentColor;
				CODE_SIGN_STYLE = Automatic;
				CURRENT_PROJECT_VERSION = 1;
				GENERATE_INFOPLIST_FILE = YES;
				INFOPLIST_FILE = InstaApp/Info.plist;
				INFOPLIST_KEY_UIApplicationSupportsIndirectInputEvents = YES;
				INFOPLIST_KEY_UILaunchStoryboardName = LaunchScreen;
				INFOPLIST_KEY_UIMainStoryboardFile = Main;
				INFOPLIST_KEY_UISupportedInterfaceOrientations_iPad = "UIInterfaceOrientationPortrait UIInterfaceOrientationPortraitUpsideDown UIInterfaceOrientationLandscapeLeft UIInterfaceOrientationLandscapeRight";
				INFOPLIST_KEY_UISupportedInterfaceOrientations_iPhone = "UIInterfaceOrientationPortrait UIInterfaceOrientationLandscapeLeft UIInterfaceOrientationLandscapeRight";
				LD_RUNPATH_SEARCH_PATHS = (
					"$(inherited)",
					"@executable_path/Frameworks",
				);
				MARKETING_VERSION = 1.0;
				PRODUCT_BUNDLE_IDENTIFIER = cpp.InstaApp;
				PRODUCT_NAME = "$(TARGET_NAME)";
				SWIFT_EMIT_LOC_STRINGS = YES;
				SWIFT_VERSION = 5.0;
				TARGETED_DEVICE_FAMILY = "1,2";
			};
			name = Release;
		};
/* End XCBuildConfiguration section */

/* Begin XCConfigurationList section */
		76DC4EAD2795982900CC6F4D /* Build configuration list for PBXProject "InstaApp" */ = {
			isa = XCConfigurationList;
			buildConfigurations = (
				76DC4EC72795982A00CC6F4D /* Debug */,
				76DC4EC82795982A00CC6F4D /* Release */,
			);
			defaultConfigurationIsVisible = 0;
			defaultConfigurationName = Release;
		};
		76DC4EC92795982A00CC6F4D /* Build configuration list for PBXNativeTarget "InstaApp" */ = {
			isa = XCConfigurationList;
			buildConfigurations = (
				76DC4ECA2795982A00CC6F4D /* Debug */,
				76DC4ECB2795982A00CC6F4D /* Release */,
			);
			defaultConfigurationIsVisible = 0;
			defaultConfigurationName = Release;
		};
/* End XCConfigurationList section */

/* Begin XCVersionGroup section */
		76DC4EBE2795982900CC6F4D /* InstaApp.xcdatamodeld */ = {
			isa = XCVersionGroup;
			children = (
				76DC4EBF2795982900CC6F4D /* InstaApp.xcdatamodel */,
			);
			currentVersion = 76DC4EBF2795982900CC6F4D /* InstaApp.xcdatamodel */;
			path = InstaApp.xcdatamodeld;
			sourceTree = "<group>";
			versionGroupType = wrapper.xcdatamodel;
		};
/* End XCVersionGroup section */
	};
	rootObject = 76DC4EAA2795982900CC6F4D /* Project object */;
}
